
Microsoft Visual Studio Solution File, Format Version 12.00
# Visual Studio Version 17
VisualStudioVersion = 17.8.34525.116
MinimumVisualStudioVersion = 10.0.40219.1
Project("{FAE04EC0-301F-11D3-BF4B-00C04F79EFBC}") = "Alarm Oclock", "Alarm Oclock.csproj", "{BAA8D2FC-D6FE-40BB-A6AF-523162235C06}"
EndProject
Global
	GlobalSection(SolutionConfigurationPlatforms) = preSolution
		Debug|Any CPU = Debug|Any CPU
		Release|Any CPU = Release|Any CPU
	EndGlobalSection
	GlobalSection(ProjectConfigurationPlatforms) = postSolution
		{BAA8D2FC-D6FE-40BB-A6AF-523162235C06}.Debug|Any CPU.ActiveCfg = Debug|Any CPU
		{BAA8D2FC-D6FE-40BB-A6AF-523162235C06}.Debug|Any CPU.Build.0 = Debug|Any CPU
		{BAA8D2FC-D6FE-40BB-A6AF-523162235C06}.Release|Any CPU.ActiveCfg = Release|Any CPU
		{BAA8D2FC-D6FE-40BB-A6AF-523162235C06}.Release|Any CPU.Build.0 = Release|Any CPU
	EndGlobalSection
	GlobalSection(SolutionProperties) = preSolution
		HideSolutionNode = FALSE
	EndGlobalSection
	GlobalSection(ExtensibilityGlobals) = postSolution
		SolutionGuid = {0FE15306-D3EC-4E91-B6A4-9B6F5D23000F}
	EndGlobalSection
EndGlobal
